// !$*UTF8*$!
{
	archiveVersion = 1;
	classes = {
	};
	objectVersion = 46;
	objects = {

/* Begin PBXBuildFile section */
		070153221C7DBA820078A9BC /* KeychainItemWrapper.m in Sources */ = {isa = PBXBuildFile; fileRef = 070153201C7DBA820078A9BC /* KeychainItemWrapper.m */; settings = {COMPILER_FLAGS = "-fno-objc-arc"; }; };
		07FAF6591C7AD9D1004D6493 /* main.m in Sources */ = {isa = PBXBuildFile; fileRef = 07FAF6581C7AD9D1004D6493 /* main.m */; };
		07FAF65C1C7AD9D1004D6493 /* AppDelegate.m in Sources */ = {isa = PBXBuildFile; fileRef = 07FAF65B1C7AD9D1004D6493 /* AppDelegate.m */; };
		07FAF65F1C7AD9D1004D6493 /* ViewController.m in Sources */ = {isa = PBXBuildFile; fileRef = 07FAF65E1C7AD9D1004D6493 /* ViewController.m */; };
		07FAF6621C7AD9D1004D6493 /* Main.storyboard in Resources */ = {isa = PBXBuildFile; fileRef = 07FAF6601C7AD9D1004D6493 /* Main.storyboard */; };
		07FAF6641C7AD9D1004D6493 /* Assets.xcassets in Resources */ = {isa = PBXBuildFile; fileRef = 07FAF6631C7AD9D1004D6493 /* Assets.xcassets */; };
		07FAF6671C7AD9D1004D6493 /* LaunchScreen.storyboard in Resources */ = {isa = PBXBuildFile; fileRef = 07FAF6651C7AD9D1004D6493 /* LaunchScreen.storyboard */; };
		07FAF6721C7AD9D1004D6493 /* getIdentifierTests.m in Sources */ = {isa = PBXBuildFile; fileRef = 07FAF6711C7AD9D1004D6493 /* getIdentifierTests.m */; };
		07FAF67D1C7AD9D1004D6493 /* getIdentifierUITests.m in Sources */ = {isa = PBXBuildFile; fileRef = 07FAF67C1C7AD9D1004D6493 /* getIdentifierUITests.m */; };
/* End PBXBuildFile section */

/* Begin PBXContainerItemProxy section */
		07FAF66E1C7AD9D1004D6493 /* PBXContainerItemProxy */ = {
			isa = PBXContainerItemProxy;
			containerPortal = 07FAF64C1C7AD9D1004D6493 /* Project object */;
			proxyType = 1;
			remoteGlobalIDString = 07FAF6531C7AD9D1004D6493;
			remoteInfo = getIdentifier;
		};
		07FAF6791C7AD9D1004D6493 /* PBXContainerItemProxy */ = {
			isa = PBXContainerItemProxy;
			containerPortal = 07FAF64C1C7AD9D1004D6493 /* Project object */;
			proxyType = 1;
			remoteGlobalIDString = 07FAF6531C7AD9D1004D6493;
			remoteInfo = getIdentifier;
		};
/* End PBXContainerItemProxy section */

/* Begin PBXFileReference section */
		0701531F1C7DBA820078A9BC /* KeychainItemWrapper.h */ = {isa = PBXFileReference; fileEncoding = 4; lastKnownFileType = sourcecode.c.h; path = KeychainItemWrapper.h; sourceTree = "<group>"; };
		070153201C7DBA820078A9BC /* KeychainItemWrapper.m */ = {isa = PBXFileReference; fileEncoding = 4; lastKnownFileType = sourcecode.c.objc; path = KeychainItemWrapper.m; sourceTree = "<group>"; };
		07FAF6541C7AD9D1004D6493 /* keychain+uuid.app */ = {isa = PBXFileReference; explicitFileType = wrapper.application; includeInIndex = 0; path = "keychain+uuid.app"; sourceTree = BUILT_PRODUCTS_DIR; };
		07FAF6581C7AD9D1004D6493 /* main.m */ = {isa = PBXFileReference; lastKnownFileType = sourcecode.c.objc; path = main.m; sourceTree = "<group>"; };
		07FAF65A1C7AD9D1004D6493 /* AppDelegate.h */ = {isa = PBXFileReference; lastKnownFileType = sourcecode.c.h; path = AppDelegate.h; sourceTree = "<group>"; };
		07FAF65B1C7AD9D1004D6493 /* AppDelegate.m */ = {isa = PBXFileReference; lastKnownFileType = sourcecode.c.objc; path = AppDelegate.m; sourceTree = "<group>"; };
		07FAF65D1C7AD9D1004D6493 /* ViewController.h */ = {isa = PBXFileReference; lastKnownFileType = sourcecode.c.h; path = ViewController.h; sourceTree = "<group>"; };
		07FAF65E1C7AD9D1004D6493 /* ViewController.m */ = {isa = PBXFileReference; lastKnownFileType = sourcecode.c.objc; path = ViewController.m; sourceTree = "<group>"; };
		07FAF6611C7AD9D1004D6493 /* Base */ = {isa = PBXFileReference; lastKnownFileType = file.storyboard; name = Base; path = Base.lproj/Main.storyboard; sourceTree = "<group>"; };
		07FAF6631C7AD9D1004D6493 /* Assets.xcassets */ = {isa = PBXFileReference; lastKnownFileType = folder.assetcatalog; path = Assets.xcassets; sourceTree = "<group>"; };
		07FAF6661C7AD9D1004D6493 /* Base */ = {isa = PBXFileReference; lastKnownFileType = file.storyboard; name = Base; path = Base.lproj/LaunchScreen.storyboard; sourceTree = "<group>"; };
		07FAF6681C7AD9D1004D6493 /* Info.plist */ = {isa = PBXFileReference; lastKnownFileType = text.plist.xml; path = Info.plist; sourceTree = "<group>"; };
		07FAF66D1C7AD9D1004D6493 /* keychain+uuid.xctest */ = {isa = PBXFileReference; explicitFileType = wrapper.cfbundle; includeInIndex = 0; path = "keychain+uuid.xctest"; sourceTree = BUILT_PRODUCTS_DIR; };
		07FAF6711C7AD9D1004D6493 /* getIdentifierTests.m */ = {isa = PBXFileReference; lastKnownFileType = sourcecode.c.objc; path = getIdentifierTests.m; sourceTree = "<group>"; };
		07FAF6731C7AD9D1004D6493 /* Info.plist */ = {isa = PBXFileReference; lastKnownFileType = text.plist.xml; path = Info.plist; sourceTree = "<group>"; };
		07FAF6781C7AD9D1004D6493 /* keychain+uuid.xctest */ = {isa = PBXFileReference; explicitFileType = wrapper.cfbundle; includeInIndex = 0; path = "keychain+uuid.xctest"; sourceTree = BUILT_PRODUCTS_DIR; };
		07FAF67C1C7AD9D1004D6493 /* getIdentifierUITests.m */ = {isa = PBXFileReference; lastKnownFileType = sourcecode.c.objc; path = getIdentifierUITests.m; sourceTree = "<group>"; };
		07FAF67E1C7AD9D1004D6493 /* Info.plist */ = {isa = PBXFileReference; lastKnownFileType = text.plist.xml; path = Info.plist; sourceTree = "<group>"; };
/* End PBXFileReference section */

/* Begin PBXFrameworksBuildPhase section */
		07FAF6511C7AD9D1004D6493 /* Frameworks */ = {
			isa = PBXFrameworksBuildPhase;
			buildActionMask = 2147483647;
			files = (
			);
			runOnlyForDeploymentPostprocessing = 0;
		};
		07FAF66A1C7AD9D1004D6493 /* Frameworks */ = {
			isa = PBXFrameworksBuildPhase;
			buildActionMask = 2147483647;
			files = (
			);
			runOnlyForDeploymentPostprocessing = 0;
		};
		07FAF6751C7AD9D1004D6493 /* Frameworks */ = {
			isa = PBXFrameworksBuildPhase;
			buildActionMask = 2147483647;
			files = (
			);
			runOnlyForDeploymentPostprocessing = 0;
		};
/* End PBXFrameworksBuildPhase section */

/* Begin PBXGroup section */
		07FAF64B1C7AD9D1004D6493 = {
			isa = PBXGroup;
			children = (
				07FAF6561C7AD9D1004D6493 /* getIdentifier */,
				07FAF6701C7AD9D1004D6493 /* getIdentifierTests */,
				07FAF67B1C7AD9D1004D6493 /* getIdentifierUITests */,
				07FAF6551C7AD9D1004D6493 /* Products */,
			);
			sourceTree = "<group>";
		};
		07FAF6551C7AD9D1004D6493 /* Products */ = {
			isa = PBXGroup;
			children = (
				07FAF6541C7AD9D1004D6493 /* keychain+uuid.app */,
				07FAF66D1C7AD9D1004D6493 /* keychain+uuid.xctest */,
				07FAF6781C7AD9D1004D6493 /* keychain+uuid.xctest */,
			);
			name = Products;
			sourceTree = "<group>";
		};
		07FAF6561C7AD9D1004D6493 /* getIdentifier */ = {
			isa = PBXGroup;
			children = (
				07FAF65A1C7AD9D1004D6493 /* AppDelegate.h */,
				07FAF65B1C7AD9D1004D6493 /* AppDelegate.m */,
				07FAF65D1C7AD9D1004D6493 /* ViewController.h */,
				07FAF65E1C7AD9D1004D6493 /* ViewController.m */,
				0701531F1C7DBA820078A9BC /* KeychainItemWrapper.h */,
				070153201C7DBA820078A9BC /* KeychainItemWrapper.m */,
				07FAF6601C7AD9D1004D6493 /* Main.storyboard */,
				07FAF6631C7AD9D1004D6493 /* Assets.xcassets */,
				07FAF6651C7AD9D1004D6493 /* LaunchScreen.storyboard */,
				07FAF6681C7AD9D1004D6493 /* Info.plist */,
				07FAF6571C7AD9D1004D6493 /* Supporting Files */,
			);
			path = getIdentifier;
			sourceTree = "<group>";
		};
		07FAF6571C7AD9D1004D6493 /* Supporting Files */ = {
			isa = PBXGroup;
			children = (
				07FAF6581C7AD9D1004D6493 /* main.m */,
			);
			name = "Supporting Files";
			sourceTree = "<group>";
		};
		07FAF6701C7AD9D1004D6493 /* getIdentifierTests */ = {
			isa = PBXGroup;
			children = (
				07FAF6711C7AD9D1004D6493 /* getIdentifierTests.m */,
				07FAF6731C7AD9D1004D6493 /* Info.plist */,
			);
			path = getIdentifierTests;
			sourceTree = "<group>";
		};
		07FAF67B1C7AD9D1004D6493 /* getIdentifierUITests */ = {
			isa = PBXGroup;
			children = (
				07FAF67C1C7AD9D1004D6493 /* getIdentifierUITests.m */,
				07FAF67E1C7AD9D1004D6493 /* Info.plist */,
			);
			path = getIdentifierUITests;
			sourceTree = "<group>";
		};
/* End PBXGroup section */

/* Begin PBXNativeTarget section */
		07FAF6531C7AD9D1004D6493 /* keychain+uuid */ = {
			isa = PBXNativeTarget;
			buildConfigurationList = 07FAF6811C7AD9D1004D6493 /* Build configuration list for PBXNativeTarget "keychain+uuid" */;
			buildPhases = (
				07FAF6501C7AD9D1004D6493 /* Sources */,
				07FAF6511C7AD9D1004D6493 /* Frameworks */,
				07FAF6521C7AD9D1004D6493 /* Resources */,
			);
			buildRules = (
			);
			dependencies = (
			);
			name = "keychain+uuid";
			productName = getIdentifier;
			productReference = 07FAF6541C7AD9D1004D6493 /* keychain+uuid.app */;
			productType = "com.apple.product-type.application";
		};
		07FAF66C1C7AD9D1004D6493 /* keychain+uuidTests */ = {
			isa = PBXNativeTarget;
			buildConfigurationList = 07FAF6841C7AD9D1004D6493 /* Build configuration list for PBXNativeTarget "keychain+uuidTests" */;
			buildPhases = (
				07FAF6691C7AD9D1004D6493 /* Sources */,
				07FAF66A1C7AD9D1004D6493 /* Frameworks */,
				07FAF66B1C7AD9D1004D6493 /* Resources */,
			);
			buildRules = (
			);
			dependencies = (
				07FAF66F1C7AD9D1004D6493 /* PBXTargetDependency */,
			);
			name = "keychain+uuidTests";
			productName = getIdentifierTests;
			productReference = 07FAF66D1C7AD9D1004D6493 /* keychain+uuid.xctest */;
			productType = "com.apple.product-type.bundle.unit-test";
		};
		07FAF6771C7AD9D1004D6493 /* keychain+uuidUITests */ = {
			isa = PBXNativeTarget;
			buildConfigurationList = 07FAF6871C7AD9D1004D6493 /* Build configuration list for PBXNativeTarget "keychain+uuidUITests" */;
			buildPhases = (
				07FAF6741C7AD9D1004D6493 /* Sources */,
				07FAF6751C7AD9D1004D6493 /* Frameworks */,
				07FAF6761C7AD9D1004D6493 /* Resources */,
			);
			buildRules = (
			);
			dependencies = (
				07FAF67A1C7AD9D1004D6493 /* PBXTargetDependency */,
			);
			name = "keychain+uuidUITests";
			productName = getIdentifierUITests;
			productReference = 07FAF6781C7AD9D1004D6493 /* keychain+uuid.xctest */;
			productType = "com.apple.product-type.bundle.ui-testing";
		};
/* End PBXNativeTarget section */

/* Begin PBXProject section */
		07FAF64C1C7AD9D1004D6493 /* Project object */ = {
			isa = PBXProject;
			attributes = {
				LastUpgradeCheck = 0720;
				ORGANIZATIONNAME = "程磊";
				TargetAttributes = {
					07FAF6531C7AD9D1004D6493 = {
						CreatedOnToolsVersion = 7.2.1;
					};
					07FAF66C1C7AD9D1004D6493 = {
						CreatedOnToolsVersion = 7.2.1;
						TestTargetID = 07FAF6531C7AD9D1004D6493;
					};
					07FAF6771C7AD9D1004D6493 = {
						CreatedOnToolsVersion = 7.2.1;
						TestTargetID = 07FAF6531C7AD9D1004D6493;
					};
				};
			};
			buildConfigurationList = 07FAF64F1C7AD9D1004D6493 /* Build configuration list for PBXProject "keychain+uuid" */;
			compatibilityVersion = "Xcode 3.2";
			developmentRegion = English;
			hasScannedForEncodings = 0;
			knownRegions = (
				en,
				Base,
			);
			mainGroup = 07FAF64B1C7AD9D1004D6493;
			productRefGroup = 07FAF6551C7AD9D1004D6493 /* Products */;
			projectDirPath = "";
			projectRoot = "";
			targets = (
				07FAF6531C7AD9D1004D6493 /* keychain+uuid */,
				07FAF66C1C7AD9D1004D6493 /* keychain+uuidTests */,
				07FAF6771C7AD9D1004D6493 /* keychain+uuidUITests */,
			);
		};
/* End PBXProject section */

/* Begin PBXResourcesBuildPhase section */
		07FAF6521C7AD9D1004D6493 /* Resources */ = {
			isa = PBXResourcesBuildPhase;
			buildActionMask = 2147483647;
			files = (
				07FAF6671C7AD9D1004D6493 /* LaunchScreen.storyboard in Resources */,
				07FAF6641C7AD9D1004D6493 /* Assets.xcassets in Resources */,
				07FAF6621C7AD9D1004D6493 /* Main.storyboard in Resources */,
			);
			runOnlyForDeploymentPostprocessing = 0;
		};
		07FAF66B1C7AD9D1004D6493 /* Resources */ = {
			isa = PBXResourcesBuildPhase;
			buildActionMask = 2147483647;
			files = (
			);
			runOnlyForDeploymentPostprocessing = 0;
		};
		07FAF6761C7AD9D1004D6493 /* Resources */ = {
			isa = PBXResourcesBuildPhase;
			buildActionMask = 2147483647;
			files = (
			);
			runOnlyForDeploymentPostprocessing = 0;
		};
/* End PBXResourcesBuildPhase section */

/* Begin PBXSourcesBuildPhase section */
		07FAF6501C7AD9D1004D6493 /* Sources */ = {
			isa = PBXSourcesBuildPhase;
			buildActionMask = 2147483647;
			files = (
				070153221C7DBA820078A9BC /* KeychainItemWrapper.m in Sources */,
				07FAF65F1C7AD9D1004D6493 /* ViewController.m in Sources */,
				07FAF65C1C7AD9D1004D6493 /* AppDelegate.m in Sources */,
				07FAF6591C7AD9D1004D6493 /* main.m in Sources */,
			);
			runOnlyForDeploymentPostprocessing = 0;
		};
		07FAF6691C7AD9D1004D6493 /* Sources */ = {
			isa = PBXSourcesBuildPhase;
			buildActionMask = 2147483647;
			files = (
				07FAF6721C7AD9D1004D6493 /* getIdentifierTests.m in Sources */,
			);
			runOnlyForDeploymentPostprocessing = 0;
		};
		07FAF6741C7AD9D1004D6493 /* Sources */ = {
			isa = PBXSourcesBuildPhase;
			buildActionMask = 2147483647;
			files = (
				07FAF67D1C7AD9D1004D6493 /* getIdentifierUITests.m in Sources */,
			);
			runOnlyForDeploymentPostprocessing = 0;
		};
/* End PBXSourcesBuildPhase section */

/* Begin PBXTargetDependency section */
		07FAF66F1C7AD9D1004D6493 /* PBXTargetDependency */ = {
			isa = PBXTargetDependency;
			target = 07FAF6531C7AD9D1004D6493 /* keychain+uuid */;
			targetProxy = 07FAF66E1C7AD9D1004D6493 /* PBXContainerItemProxy */;
		};
		07FAF67A1C7AD9D1004D6493 /* PBXTargetDependency */ = {
			isa = PBXTargetDependency;
			target = 07FAF6531C7AD9D1004D6493 /* keychain+uuid */;
			targetProxy = 07FAF6791C7AD9D1004D6493 /* PBXContainerItemProxy */;
		};
/* End PBXTargetDependency section */

/* Begin PBXVariantGroup section */
		07FAF6601C7AD9D1004D6493 /* Main.storyboard */ = {
			isa = PBXVariantGroup;
			children = (
				07FAF6611C7AD9D1004D6493 /* Base */,
			);
			name = Main.storyboard;
			sourceTree = "<group>";
		};
		07FAF6651C7AD9D1004D6493 /* LaunchScreen.storyboard */ = {
			isa = PBXVariantGroup;
			children = (
				07FAF6661C7AD9D1004D6493 /* Base */,
			);
			name = LaunchScreen.storyboard;
			sourceTree = "<group>";
		};
/* End PBXVariantGroup section */

/* Begin XCBuildConfiguration section */
		07FAF67F1C7AD9D1004D6493 /* Debug */ = {
			isa = XCBuildConfiguration;
			buildSettings = {
				ALWAYS_SEARCH_USER_PATHS = NO;
				CLANG_CXX_LANGUAGE_STANDARD = "gnu++0x";
				CLANG_CXX_LIBRARY = "libc++";
				CLANG_ENABLE_MODULES = YES;
				CLANG_ENABLE_OBJC_ARC = YES;
				CLANG_WARN_BOOL_CONVERSION = YES;
				CLANG_WARN_CONSTANT_CONVERSION = YES;
				CLANG_WARN_DIRECT_OBJC_ISA_USAGE = YES_ERROR;
				CLANG_WARN_EMPTY_BODY = YES;
				CLANG_WARN_ENUM_CONVERSION = YES;
				CLANG_WARN_INT_CONVERSION = YES;
				CLANG_WARN_OBJC_ROOT_CLASS = YES_ERROR;
				CLANG_WARN_UNREACHABLE_CODE = YES;
				CLANG_WARN__DUPLICATE_METHOD_MATCH = YES;
				"CODE_SIGN_IDENTITY[sdk=iphoneos*]" = "iPhone Developer";
				COPY_PHASE_STRIP = NO;
				DEBUG_INFORMATION_FORMAT = dwarf;
				ENABLE_STRICT_OBJC_MSGSEND = YES;
				ENABLE_TESTABILITY = YES;
				GCC_C_LANGUAGE_STANDARD = gnu99;
				GCC_DYNAMIC_NO_PIC = NO;
				GCC_NO_COMMON_BLOCKS = YES;
				GCC_OPTIMIZATION_LEVEL = 0;
				GCC_PREPROCESSOR_DEFINITIONS = (
					"DEBUG=1",
					"$(inherited)",
				);
				GCC_WARN_64_TO_32_BIT_CONVERSION = YES;
				GCC_WARN_ABOUT_RETURN_TYPE = YES_ERROR;
				GCC_WARN_UNDECLARED_SELECTOR = YES;
				GCC_WARN_UNINITIALIZED_AUTOS = YES_AGGRESSIVE;
				GCC_WARN_UNUSED_FUNCTION = YES;
				GCC_WARN_UNUSED_VARIABLE = YES;
				IPHONEOS_DEPLOYMENT_TARGET = 9.2;
				MTL_ENABLE_DEBUG_INFO = YES;
				ONLY_ACTIVE_ARCH = YES;
				SDKROOT = iphoneos;
			};
			name = Debug;
		};
		07FAF6801C7AD9D1004D6493 /* Release */ = {
			isa = XCBuildConfiguration;
			buildSettings = {
				ALWAYS_SEARCH_USER_PATHS = NO;
				CLANG_CXX_LANGUAGE_STANDARD = "gnu++0x";
				CLANG_CXX_LIBRARY = "libc++";
				CLANG_ENABLE_MODULES = YES;
				CLANG_ENABLE_OBJC_ARC = YES;
				CLANG_WARN_BOOL_CONVERSION = YES;
				CLANG_WARN_CONSTANT_CONVERSION = YES;
				CLANG_WARN_DIRECT_OBJC_ISA_USAGE = YES_ERROR;
				CLANG_WARN_EMPTY_BODY = YES;
				CLANG_WARN_ENUM_CONVERSION = YES;
				CLANG_WARN_INT_CONVERSION = YES;
				CLANG_WARN_OBJC_ROOT_CLASS = YES_ERROR;
				CLANG_WARN_UNREACHABLE_CODE = YES;
				CLANG_WARN__DUPLICATE_METHOD_MATCH = YES;
				"CODE_SIGN_IDENTITY[sdk=iphoneos*]" = "iPhone Developer";
				COPY_PHASE_STRIP = NO;
				DEBUG_INFORMATION_FORMAT = "dwarf-with-dsym";
				ENABLE_NS_ASSERTIONS = NO;
				ENABLE_STRICT_OBJC_MSGSEND = YES;
				GCC_C_LANGUAGE_STANDARD = gnu99;
				GCC_NO_COMMON_BLOCKS = YES;
				GCC_WARN_64_TO_32_BIT_CONVERSION = YES;
				GCC_WARN_ABOUT_RETURN_TYPE = YES_ERROR;
				GCC_WARN_UNDECLARED_SELECTOR = YES;
				GCC_WARN_UNINITIALIZED_AUTOS = YES_AGGRESSIVE;
				GCC_WARN_UNUSED_FUNCTION = YES;
				GCC_WARN_UNUSED_VARIABLE = YES;
				IPHONEOS_DEPLOYMENT_TARGET = 9.2;
				MTL_ENABLE_DEBUG_INFO = NO;
				SDKROOT = iphoneos;
				VALIDATE_PRODUCT = YES;
			};
			name = Release;
		};
		07FAF6821C7AD9D1004D6493 /* Debug */ = {
			isa = XCBuildConfiguration;
			buildSettings = {
				ASSETCATALOG_COMPILER_APPICON_NAME = AppIcon;
				CODE_SIGN_ENTITLEMENTS = "";
				CODE_SIGN_IDENTITY = "iPhone Developer: yuan jie (2W8C9Z5PV6)";
				"CODE_SIGN_IDENTITY[sdk=iphoneos*]" = "iPhone Developer: yuan jie (2W8C9Z5PV6)";
				INFOPLIST_FILE = getIdentifier/Info.plist;
				IPHONEOS_DEPLOYMENT_TARGET = 7.0;
				LD_RUNPATH_SEARCH_PATHS = "$(inherited) @executable_path/Frameworks";
				PRODUCT_BUNDLE_IDENTIFIER = com.chenglei.ApplePayTest;
				PRODUCT_NAME = "keychain+uuid";
				PROVISIONING_PROFILE = "d8a21b01-1128-484b-b08c-972f025ec344";
			};
			name = Debug;
		};
		07FAF6831C7AD9D1004D6493 /* Release */ = {
			isa = XCBuildConfiguration;
			buildSettings = {
				ASSETCATALOG_COMPILER_APPICON_NAME = AppIcon;
				CODE_SIGN_ENTITLEMENTS = "";
				CODE_SIGN_IDENTITY = "iPhone Developer: yuan jie (2W8C9Z5PV6)";
				"CODE_SIGN_IDENTITY[sdk=iphoneos*]" = "iPhone Developer: yuan jie (2W8C9Z5PV6)";
				INFOPLIST_FILE = getIdentifier/Info.plist;
				IPHONEOS_DEPLOYMENT_TARGET = 7.0;
				LD_RUNPATH_SEARCH_PATHS = "$(inherited) @executable_path/Frameworks";
				PRODUCT_BUNDLE_IDENTIFIER = com.chenglei.ApplePayTest;
				PRODUCT_NAME = "keychain+uuid";
				PROVISIONING_PROFILE = "d8a21b01-1128-484b-b08c-972f025ec344";
			};
			name = Release;
		};
		07FAF6851C7AD9D1004D6493 /* Debug */ = {
			isa = XCBuildConfiguration;
			buildSettings = {
				BUNDLE_LOADER = "$(TEST_HOST)";
				INFOPLIST_FILE = getIdentifierTests/Info.plist;
				LD_RUNPATH_SEARCH_PATHS = "$(inherited) @executable_path/Frameworks @loader_path/Frameworks";
				PRODUCT_BUNDLE_IDENTIFIER = com.vanguard.getIdentifierTests;
				PRODUCT_NAME = "keychain+uuid";
				TEST_HOST = "$(BUILT_PRODUCTS_DIR)/keychain+uuid.app/keychain+uuid";
			};
			name = Debug;
		};
		07FAF6861C7AD9D1004D6493 /* Release */ = {
			isa = XCBuildConfiguration;
			buildSettings = {
				BUNDLE_LOADER = "$(TEST_HOST)";
				INFOPLIST_FILE = getIdentifierTests/Info.plist;
				LD_RUNPATH_SEARCH_PATHS = "$(inherited) @executable_path/Frameworks @loader_path/Frameworks";
				PRODUCT_BUNDLE_IDENTIFIER = com.vanguard.getIdentifierTests;
				PRODUCT_NAME = "keychain+uuid";
				TEST_HOST = "$(BUILT_PRODUCTS_DIR)/keychain+uuid.app/keychain+uuid";
			};
			name = Release;
		};
		07FAF6881C7AD9D1004D6493 /* Debug */ = {
			isa = XCBuildConfiguration;
			buildSettings = {
				INFOPLIST_FILE = getIdentifierUITests/Info.plist;
				LD_RUNPATH_SEARCH_PATHS = "$(inherited) @executable_path/Frameworks @loader_path/Frameworks";
				PRODUCT_BUNDLE_IDENTIFIER = com.vanguard.getIdentifierUITests;
				PRODUCT_NAME = "keychain+uuid";
				TEST_TARGET_NAME = getIdentifier;
				USES_XCTRUNNER = YES;
			};
			name = Debug;
		};
		07FAF6891C7AD9D1004D6493 /* Release */ = {
			isa = XCBuildConfiguration;
			buildSettings = {
				INFOPLIST_FILE = getIdentifierUITests/Info.plist;
				LD_RUNPATH_SEARCH_PATHS = "$(inherited) @executable_path/Frameworks @loader_path/Frameworks";
				PRODUCT_BUNDLE_IDENTIFIER = com.vanguard.getIdentifierUITests;
				PRODUCT_NAME = "keychain+uuid";
				TEST_TARGET_NAME = getIdentifier;
				USES_XCTRUNNER = YES;
			};
			name = Release;
		};
/* End XCBuildConfiguration section */

/* Begin XCConfigurationList section */
		07FAF64F1C7AD9D1004D6493 /* Build configuration list for PBXProject "keychain+uuid" */ = {
			isa = XCConfigurationList;
			buildConfigurations = (
				07FAF67F1C7AD9D1004D6493 /* Debug */,
				07FAF6801C7AD9D1004D6493 /* Release */,
			);
			defaultConfigurationIsVisible = 0;
			defaultConfigurationName = Release;
		};
		07FAF6811C7AD9D1004D6493 /* Build configuration list for PBXNativeTarget "keychain+uuid" */ = {
			isa = XCConfigurationList;
			buildConfigurations = (
				07FAF6821C7AD9D1004D6493 /* Debug */,
				07FAF6831C7AD9D1004D6493 /* Release */,
			);
			defaultConfigurationIsVisible = 0;
			defaultConfigurationName = Release;
		};
		07FAF6841C7AD9D1004D6493 /* Build configuration list for PBXNativeTarget "keychain+uuidTests" */ = {
			isa = XCConfigurationList;
			buildConfigurations = (
				07FAF6851C7AD9D1004D6493 /* Debug */,
				07FAF6861C7AD9D1004D6493 /* Release */,
			);
			defaultConfigurationIsVisible = 0;
			defaultConfigurationName = Release;
		};
		07FAF6871C7AD9D1004D6493 /* Build configuration list for PBXNativeTarget "keychain+uuidUITests" */ = {
			isa = XCConfigurationList;
			buildConfigurations = (
				07FAF6881C7AD9D1004D6493 /* Debug */,
				07FAF6891C7AD9D1004D6493 /* Release */,
			);
			defaultConfigurationIsVisible = 0;
			defaultConfigurationName = Release;
		};
/* End XCConfigurationList section */
	};
	rootObject = 07FAF64C1C7AD9D1004D6493 /* Project object */;
}
